
Microsoft Visual Studio Solution File, Format Version 12.00
# Visual Studio Version 17
VisualStudioVersion = 17.11.35327.3
MinimumVisualStudioVersion = 10.0.40219.1
Project("{FAE04EC0-301F-11D3-BF4B-00C04F79EFBC}") = "LibraryManagementSystem", "LibraryManagementSystem.csproj", "{1B80A85D-2EC9-4A83-863B-271334703003}"
EndProject
Global
	GlobalSection(SolutionConfigurationPlatforms) = preSolution
		Debug|Any CPU = Debug|Any CPU
		Release|Any CPU = Release|Any CPU
	EndGlobalSection
	GlobalSection(ProjectConfigurationPlatforms) = postSolution
		{1B80A85D-2EC9-4A83-863B-271334703003}.Debug|Any CPU.ActiveCfg = Debug|Any CPU
		{1B80A85D-2EC9-4A83-863B-271334703003}.Debug|Any CPU.Build.0 = Debug|Any CPU
		{1B80A85D-2EC9-4A83-863B-271334703003}.Release|Any CPU.ActiveCfg = Release|Any CPU
		{1B80A85D-2EC9-4A83-863B-271334703003}.Release|Any CPU.Build.0 = Release|Any CPU
	EndGlobalSection
	GlobalSection(SolutionProperties) = preSolution
		HideSolutionNode = FALSE
	EndGlobalSection
	GlobalSection(ExtensibilityGlobals) = postSolution
		SolutionGuid = {FC67AAFB-D2DC-4C73-97CE-AA4EED7D7176}
	EndGlobalSection
EndGlobal
